// !$*UTF8*$!
{
	archiveVersion = 1;
	classes = {
	};
	objectVersion = 46;
	objects = {

/* Begin PBXBuildFile section */
		0301A38E1669C865007D8D7B /* DALLongPressOverlayView.m in Sources */ = {isa = PBXBuildFile; fileRef = 0301A38D1669C865007D8D7B /* DALLongPressOverlayView.m */; };
		0306C0DA166BF55D00DE0F36 /* DALContactSectionHeaderView.m in Sources */ = {isa = PBXBuildFile; fileRef = 0306C0D9166BF55D00DE0F36 /* DALContactSectionHeaderView.m */; };
		0306C0DE166BF5F100DE0F36 /* DALContactSectionHeaderView.xib in Resources */ = {isa = PBXBuildFile; fileRef = 0306C0DD166BF5F100DE0F36 /* DALContactSectionHeaderView.xib */; };
		03070CC6166B1F06006C603F /* button-edit.png in Resources */ = {isa = PBXBuildFile; fileRef = 03070CBE166B1F06006C603F /* button-edit.png */; };
		03070CC7166B1F06006C603F /* button-edit@2x.png in Resources */ = {isa = PBXBuildFile; fileRef = 03070CBF166B1F06006C603F /* button-edit@2x.png */; };
		03070CC8166B1F06006C603F /* button-facetime.png in Resources */ = {isa = PBXBuildFile; fileRef = 03070CC0166B1F06006C603F /* button-facetime.png */; };
		03070CC9166B1F06006C603F /* button-facetime@2x.png in Resources */ = {isa = PBXBuildFile; fileRef = 03070CC1166B1F06006C603F /* button-facetime@2x.png */; };
		03070CCA166B1F06006C603F /* button-message.png in Resources */ = {isa = PBXBuildFile; fileRef = 03070CC2166B1F06006C603F /* button-message.png */; };
		03070CCB166B1F06006C603F /* button-message@2x.png in Resources */ = {isa = PBXBuildFile; fileRef = 03070CC3166B1F06006C603F /* button-message@2x.png */; };
		03070CCC166B1F06006C603F /* button-star.png in Resources */ = {isa = PBXBuildFile; fileRef = 03070CC4166B1F06006C603F /* button-star.png */; };
		03070CCD166B1F06006C603F /* button-star@2x.png in Resources */ = {isa = PBXBuildFile; fileRef = 03070CC5166B1F06006C603F /* button-star@2x.png */; };
		03084F3916647C8C00227BC0 /* DALABAddressBook.m in Sources */ = {isa = PBXBuildFile; fileRef = 03084F3816647C8C00227BC0 /* DALABAddressBook.m */; };
		03084F3C166488D200227BC0 /* DALABPerson.m in Sources */ = {isa = PBXBuildFile; fileRef = 03084F3B166488D200227BC0 /* DALABPerson.m */; };
		03084F3E1664947F00227BC0 /* AddressBook.framework in Frameworks */ = {isa = PBXBuildFile; fileRef = 03084F3D1664947F00227BC0 /* AddressBook.framework */; };
		03199F401665E0E400C1B57B /* UIImage+DALAdditions.m in Sources */ = {isa = PBXBuildFile; fileRef = 03199F3F1665E0E400C1B57B /* UIImage+DALAdditions.m */; };
		03199F481665E1B100C1B57B /* CoreGraphics+DALAdditions.m in Sources */ = {isa = PBXBuildFile; fileRef = 03199F471665E1B100C1B57B /* CoreGraphics+DALAdditions.m */; };
		03199F4A1665E7B700C1B57B /* CoreImage.framework in Frameworks */ = {isa = PBXBuildFile; fileRef = 03199F491665E7B600C1B57B /* CoreImage.framework */; };
		034D81FE16699C16009D49BE /* UIImage+ProportionalFill.m in Sources */ = {isa = PBXBuildFile; fileRef = 034D81FD16699C16009D49BE /* UIImage+ProportionalFill.m */; };
		0355510716681E2F0036C528 /* NSShadow+DALAdditions.m in Sources */ = {isa = PBXBuildFile; fileRef = 0355510616681E2F0036C528 /* NSShadow+DALAdditions.m */; };
		0368C371166AADDB007BFC9C /* DALCircularMenuLayoutData.m in Sources */ = {isa = PBXBuildFile; fileRef = 0368C370166AADDB007BFC9C /* DALCircularMenuLayoutData.m */; };
		037534491662D6C1006BAACF /* UIKit.framework in Frameworks */ = {isa = PBXBuildFile; fileRef = 037534481662D6C1006BAACF /* UIKit.framework */; };
		0375344B1662D6C1006BAACF /* Foundation.framework in Frameworks */ = {isa = PBXBuildFile; fileRef = 0375344A1662D6C1006BAACF /* Foundation.framework */; };
		0375344D1662D6C1006BAACF /* CoreGraphics.framework in Frameworks */ = {isa = PBXBuildFile; fileRef = 0375344C1662D6C1006BAACF /* CoreGraphics.framework */; };
		037534531662D6C1006BAACF /* InfoPlist.strings in Resources */ = {isa = PBXBuildFile; fileRef = 037534511662D6C1006BAACF /* InfoPlist.strings */; };
		037534551662D6C1006BAACF /* main.m in Sources */ = {isa = PBXBuildFile; fileRef = 037534541662D6C1006BAACF /* main.m */; };
		037DE92B166BFF4100534821 /* DALCollectionViewFlowLayout.m in Sources */ = {isa = PBXBuildFile; fileRef = 037DE92A166BFF4100534821 /* DALCollectionViewFlowLayout.m */; };
		037DE92E166C467E00534821 /* DALContactSectionData.m in Sources */ = {isa = PBXBuildFile; fileRef = 037DE92D166C467E00534821 /* DALContactSectionData.m */; };
		037DE935166C57E100534821 /* DALOverlayViewController.m in Sources */ = {isa = PBXBuildFile; fileRef = 037DE933166C57E100534821 /* DALOverlayViewController.m */; };
		037DE936166C57E100534821 /* DALOverlayViewController.xib in Resources */ = {isa = PBXBuildFile; fileRef = 037DE934166C57E100534821 /* DALOverlayViewController.xib */; };
		03942AB2166511B1007809D3 /* DALABMultiValueObject.m in Sources */ = {isa = PBXBuildFile; fileRef = 03942AB1166511B1007809D3 /* DALABMultiValueObject.m */; };
		03942AB616651CFC007809D3 /* NSMutableArray+DALAdditions.m in Sources */ = {isa = PBXBuildFile; fileRef = 03942AB516651CFC007809D3 /* NSMutableArray+DALAdditions.m */; };
		03942ABA166521AE007809D3 /* DALImageCache.m in Sources */ = {isa = PBXBuildFile; fileRef = 03942AB9166521AE007809D3 /* DALImageCache.m */; };
		03B265491669DA940098948B /* UIView+DALAdditions.m in Sources */ = {isa = PBXBuildFile; fileRef = 03B265481669DA940098948B /* UIView+DALAdditions.m */; };
		03B2654B1669DAD40098948B /* QuartzCore.framework in Frameworks */ = {isa = PBXBuildFile; fileRef = 03B2654A1669DAD40098948B /* QuartzCore.framework */; };
		03B265521669DD430098948B /* DALCircularMenu.m in Sources */ = {isa = PBXBuildFile; fileRef = 03B265511669DD430098948B /* DALCircularMenu.m */; };
		03B265551669DE350098948B /* placeholder.png in Resources */ = {isa = PBXBuildFile; fileRef = 03B265531669DE350098948B /* placeholder.png */; };
		03B265561669DE350098948B /* placeholder@2x.png in Resources */ = {isa = PBXBuildFile; fileRef = 03B265541669DE350098948B /* placeholder@2x.png */; };
		03B94F5616644E12007EDF4F /* DALContactsViewController.m in Sources */ = {isa = PBXBuildFile; fileRef = 03B94F5416644E12007EDF4F /* DALContactsViewController.m */; };
		03B94F5716644E12007EDF4F /* DALContactsViewController.xib in Resources */ = {isa = PBXBuildFile; fileRef = 03B94F5516644E12007EDF4F /* DALContactsViewController.xib */; };
		03B94F5C16644E4E007EDF4F /* Default-568h@2x.png in Resources */ = {isa = PBXBuildFile; fileRef = 03B94F5916644E4E007EDF4F /* Default-568h@2x.png */; };
		03B94F5D16644E4E007EDF4F /* Default.png in Resources */ = {isa = PBXBuildFile; fileRef = 03B94F5A16644E4E007EDF4F /* Default.png */; };
		03B94F5E16644E4E007EDF4F /* Default@2x.png in Resources */ = {isa = PBXBuildFile; fileRef = 03B94F5B16644E4E007EDF4F /* Default@2x.png */; };
		03B94F6116644E62007EDF4F /* DALAppDelegate.m in Sources */ = {isa = PBXBuildFile; fileRef = 03B94F6016644E62007EDF4F /* DALAppDelegate.m */; };
		03B94F6416644EA8007EDF4F /* DALViewController.m in Sources */ = {isa = PBXBuildFile; fileRef = 03B94F6316644EA8007EDF4F /* DALViewController.m */; };
		03B94F6B1664503F007EDF4F /* porthole.png in Resources */ = {isa = PBXBuildFile; fileRef = 03B94F651664503F007EDF4F /* porthole.png */; };
		03B94F6C1664503F007EDF4F /* porthole@2x.png in Resources */ = {isa = PBXBuildFile; fileRef = 03B94F661664503F007EDF4F /* porthole@2x.png */; };
		03B94F6D1664503F007EDF4F /* bg.png in Resources */ = {isa = PBXBuildFile; fileRef = 03B94F671664503F007EDF4F /* bg.png */; };
		03B94F6E1664503F007EDF4F /* star.png in Resources */ = {isa = PBXBuildFile; fileRef = 03B94F681664503F007EDF4F /* star.png */; };
		03B94F6F1664503F007EDF4F /* star@2x.png in Resources */ = {isa = PBXBuildFile; fileRef = 03B94F691664503F007EDF4F /* star@2x.png */; };
		03B94F701664503F007EDF4F /* bg@2x.png in Resources */ = {isa = PBXBuildFile; fileRef = 03B94F6A1664503F007EDF4F /* bg@2x.png */; };
		03B94F7416645128007EDF4F /* DALContactCollectionViewCell.m in Sources */ = {isa = PBXBuildFile; fileRef = 03B94F7316645128007EDF4F /* DALContactCollectionViewCell.m */; };
		03B94F791664734F007EDF4F /* DALContactCollectionViewCell.xib in Resources */ = {isa = PBXBuildFile; fileRef = 03B94F781664734F007EDF4F /* DALContactCollectionViewCell.xib */; };
		03D67AA6166D1815009A3D14 /* libPonyDebugger.a in Frameworks */ = {isa = PBXBuildFile; fileRef = 03D67A9F166D17FC009A3D14 /* libPonyDebugger.a */; };
		03D67AA8166D1818009A3D14 /* libSocketRocket.a in Frameworks */ = {isa = PBXBuildFile; fileRef = 03D67AA7166D1818009A3D14 /* libSocketRocket.a */; };
		03D67AAA166D184E009A3D14 /* CFNetwork.framework in Frameworks */ = {isa = PBXBuildFile; fileRef = 03D67AA9166D184E009A3D14 /* CFNetwork.framework */; };
		03D67AAC166D1855009A3D14 /* CoreData.framework in Frameworks */ = {isa = PBXBuildFile; fileRef = 03D67AAB166D1855009A3D14 /* CoreData.framework */; };
		03D67AAE166D185F009A3D14 /* Security.framework in Frameworks */ = {isa = PBXBuildFile; fileRef = 03D67AAD166D185F009A3D14 /* Security.framework */; };
		03D67AB0166D18FE009A3D14 /* libicucore.dylib in Frameworks */ = {isa = PBXBuildFile; fileRef = 03D67AAF166D18FE009A3D14 /* libicucore.dylib */; };
		03D6B24D1667BA3A0081AF76 /* DALABRecord.m in Sources */ = {isa = PBXBuildFile; fileRef = 03D6B24C1667BA3A0081AF76 /* DALABRecord.m */; };
		03D6B2511667C8BC0081AF76 /* DALSectionIndexListView.m in Sources */ = {isa = PBXBuildFile; fileRef = 03D6B2501667C8BC0081AF76 /* DALSectionIndexListView.m */; };
		03D6B2541667CA160081AF76 /* DALSectionIndexCollectionView.m in Sources */ = {isa = PBXBuildFile; fileRef = 03D6B2531667CA160081AF76 /* DALSectionIndexCollectionView.m */; };
		03D6B2571667D0020081AF76 /* DALContactsCollectionView.m in Sources */ = {isa = PBXBuildFile; fileRef = 03D6B2561667D0020081AF76 /* DALContactsCollectionView.m */; };
/* End PBXBuildFile section */

/* Begin PBXContainerItemProxy section */
		03D67A9E166D17FC009A3D14 /* PBXContainerItemProxy */ = {
			isa = PBXContainerItemProxy;
			containerPortal = 03D67A92166D17FB009A3D14 /* PonyDebugger.xcodeproj */;
			proxyType = 2;
			remoteGlobalIDString = F683ADAC14FC1B4C008EBBA7;
			remoteInfo = PonyDebugger;
		};
		03D67AA4166D1808009A3D14 /* PBXContainerItemProxy */ = {
			isa = PBXContainerItemProxy;
			containerPortal = 03D67A92166D17FB009A3D14 /* PonyDebugger.xcodeproj */;
			proxyType = 1;
			remoteGlobalIDString = F683ADAB14FC1B4C008EBBA7;
			remoteInfo = PonyDebugger;
		};
/* End PBXContainerItemProxy section */

/* Begin PBXFileReference section */
		0301A38C1669C865007D8D7B /* DALLongPressOverlayView.h */ = {isa = PBXFileReference; fileEncoding = 4; lastKnownFileType = sourcecode.c.h; name = DALLongPressOverlayView.h; path = Classes/DALLongPressOverlayView.h; sourceTree = "<group>"; };
		0301A38D1669C865007D8D7B /* DALLongPressOverlayView.m */ = {isa = PBXFileReference; fileEncoding = 4; lastKnownFileType = sourcecode.c.objc; name = DALLongPressOverlayView.m; path = Classes/DALLongPressOverlayView.m; sourceTree = "<group>"; };
		0306C0D8166BF55D00DE0F36 /* DALContactSectionHeaderView.h */ = {isa = PBXFileReference; fileEncoding = 4; lastKnownFileType = sourcecode.c.h; name = DALContactSectionHeaderView.h; path = Classes/DALContactSectionHeaderView.h; sourceTree = "<group>"; };
		0306C0D9166BF55D00DE0F36 /* DALContactSectionHeaderView.m */ = {isa = PBXFileReference; fileEncoding = 4; lastKnownFileType = sourcecode.c.objc; name = DALContactSectionHeaderView.m; path = Classes/DALContactSectionHeaderView.m; sourceTree = "<group>"; };
		0306C0DD166BF5F100DE0F36 /* DALContactSectionHeaderView.xib */ = {isa = PBXFileReference; fileEncoding = 4; lastKnownFileType = file.xib; name = DALContactSectionHeaderView.xib; path = Classes/DALContactSectionHeaderView.xib; sourceTree = "<group>"; };
		03070CBE166B1F06006C603F /* button-edit.png */ = {isa = PBXFileReference; lastKnownFileType = image.png; name = "button-edit.png"; path = "Resources/button-edit.png"; sourceTree = SOURCE_ROOT; };
		03070CBF166B1F06006C603F /* button-edit@2x.png */ = {isa = PBXFileReference; lastKnownFileType = image.png; name = "button-edit@2x.png"; path = "Resources/button-edit@2x.png"; sourceTree = SOURCE_ROOT; };
		03070CC0166B1F06006C603F /* button-facetime.png */ = {isa = PBXFileReference; lastKnownFileType = image.png; name = "button-facetime.png"; path = "Resources/button-facetime.png"; sourceTree = SOURCE_ROOT; };
		03070CC1166B1F06006C603F /* button-facetime@2x.png */ = {isa = PBXFileReference; lastKnownFileType = image.png; name = "button-facetime@2x.png"; path = "Resources/button-facetime@2x.png"; sourceTree = SOURCE_ROOT; };
		03070CC2166B1F06006C603F /* button-message.png */ = {isa = PBXFileReference; lastKnownFileType = image.png; name = "button-message.png"; path = "Resources/button-message.png"; sourceTree = SOURCE_ROOT; };
		03070CC3166B1F06006C603F /* button-message@2x.png */ = {isa = PBXFileReference; lastKnownFileType = image.png; name = "button-message@2x.png"; path = "Resources/button-message@2x.png"; sourceTree = SOURCE_ROOT; };
		03070CC4166B1F06006C603F /* button-star.png */ = {isa = PBXFileReference; lastKnownFileType = image.png; name = "button-star.png"; path = "Resources/button-star.png"; sourceTree = SOURCE_ROOT; };
		03070CC5166B1F06006C603F /* button-star@2x.png */ = {isa = PBXFileReference; lastKnownFileType = image.png; name = "button-star@2x.png"; path = "Resources/button-star@2x.png"; sourceTree = SOURCE_ROOT; };
		03084F3716647C8C00227BC0 /* DALABAddressBook.h */ = {isa = PBXFileReference; fileEncoding = 4; lastKnownFileType = sourcecode.c.h; name = DALABAddressBook.h; path = Classes/DALABAddressBook.h; sourceTree = "<group>"; };
		03084F3816647C8C00227BC0 /* DALABAddressBook.m */ = {isa = PBXFileReference; fileEncoding = 4; lastKnownFileType = sourcecode.c.objc; name = DALABAddressBook.m; path = Classes/DALABAddressBook.m; sourceTree = "<group>"; };
		03084F3A166488D200227BC0 /* DALABPerson.h */ = {isa = PBXFileReference; fileEncoding = 4; lastKnownFileType = sourcecode.c.h; name = DALABPerson.h; path = Classes/DALABPerson.h; sourceTree = "<group>"; };
		03084F3B166488D200227BC0 /* DALABPerson.m */ = {isa = PBXFileReference; fileEncoding = 4; lastKnownFileType = sourcecode.c.objc; name = DALABPerson.m; path = Classes/DALABPerson.m; sourceTree = "<group>"; };
		03084F3D1664947F00227BC0 /* AddressBook.framework */ = {isa = PBXFileReference; lastKnownFileType = wrapper.framework; name = AddressBook.framework; path = System/Library/Frameworks/AddressBook.framework; sourceTree = SDKROOT; };
		03199F3E1665E0E400C1B57B /* UIImage+DALAdditions.h */ = {isa = PBXFileReference; fileEncoding = 4; lastKnownFileType = sourcecode.c.h; name = "UIImage+DALAdditions.h"; path = "Categories/UIImage+DALAdditions.h"; sourceTree = "<group>"; };
		03199F3F1665E0E400C1B57B /* UIImage+DALAdditions.m */ = {isa = PBXFileReference; fileEncoding = 4; lastKnownFileType = sourcecode.c.objc; name = "UIImage+DALAdditions.m"; path = "Categories/UIImage+DALAdditions.m"; sourceTree = "<group>"; };
		03199F461665E1B100C1B57B /* CoreGraphics+DALAdditions.h */ = {isa = PBXFileReference; fileEncoding = 4; lastKnownFileType = sourcecode.c.h; name = "CoreGraphics+DALAdditions.h"; path = "Categories/CoreGraphics+DALAdditions.h"; sourceTree = "<group>"; };
		03199F471665E1B100C1B57B /* CoreGraphics+DALAdditions.m */ = {isa = PBXFileReference; fileEncoding = 4; lastKnownFileType = sourcecode.c.objc; name = "CoreGraphics+DALAdditions.m"; path = "Categories/CoreGraphics+DALAdditions.m"; sourceTree = "<group>"; };
		03199F491665E7B600C1B57B /* CoreImage.framework */ = {isa = PBXFileReference; lastKnownFileType = wrapper.framework; name = CoreImage.framework; path = System/Library/Frameworks/CoreImage.framework; sourceTree = SDKROOT; };
		034D81FC16699C16009D49BE /* UIImage+ProportionalFill.h */ = {isa = PBXFileReference; fileEncoding = 4; lastKnownFileType = sourcecode.c.h; name = "UIImage+ProportionalFill.h"; path = "Categories/UIImage+ProportionalFill.h"; sourceTree = "<group>"; };
		034D81FD16699C16009D49BE /* UIImage+ProportionalFill.m */ = {isa = PBXFileReference; fileEncoding = 4; lastKnownFileType = sourcecode.c.objc; name = "UIImage+ProportionalFill.m"; path = "Categories/UIImage+ProportionalFill.m"; sourceTree = "<group>"; };
		0355510516681E2F0036C528 /* NSShadow+DALAdditions.h */ = {isa = PBXFileReference; fileEncoding = 4; lastKnownFileType = sourcecode.c.h; name = "NSShadow+DALAdditions.h"; path = "Categories/NSShadow+DALAdditions.h"; sourceTree = "<group>"; };
		0355510616681E2F0036C528 /* NSShadow+DALAdditions.m */ = {isa = PBXFileReference; fileEncoding = 4; lastKnownFileType = sourcecode.c.objc; name = "NSShadow+DALAdditions.m"; path = "Categories/NSShadow+DALAdditions.m"; sourceTree = "<group>"; };
		0368C36F166AADDB007BFC9C /* DALCircularMenuLayoutData.h */ = {isa = PBXFileReference; fileEncoding = 4; lastKnownFileType = sourcecode.c.h; name = DALCircularMenuLayoutData.h; path = Classes/DALCircularMenuLayoutData.h; sourceTree = "<group>"; };
		0368C370166AADDB007BFC9C /* DALCircularMenuLayoutData.m */ = {isa = PBXFileReference; fileEncoding = 4; lastKnownFileType = sourcecode.c.objc; name = DALCircularMenuLayoutData.m; path = Classes/DALCircularMenuLayoutData.m; sourceTree = "<group>"; };
		037534441662D6C1006BAACF /* Dial.app */ = {isa = PBXFileReference; explicitFileType = wrapper.application; includeInIndex = 0; path = Dial.app; sourceTree = BUILT_PRODUCTS_DIR; };
		037534481662D6C1006BAACF /* UIKit.framework */ = {isa = PBXFileReference; lastKnownFileType = wrapper.framework; name = UIKit.framework; path = System/Library/Frameworks/UIKit.framework; sourceTree = SDKROOT; };
		0375344A1662D6C1006BAACF /* Foundation.framework */ = {isa = PBXFileReference; lastKnownFileType = wrapper.framework; name = Foundation.framework; path = System/Library/Frameworks/Foundation.framework; sourceTree = SDKROOT; };
		0375344C1662D6C1006BAACF /* CoreGraphics.framework */ = {isa = PBXFileReference; lastKnownFileType = wrapper.framework; name = CoreGraphics.framework; path = System/Library/Frameworks/CoreGraphics.framework; sourceTree = SDKROOT; };
		037534501662D6C1006BAACF /* Dial-Info.plist */ = {isa = PBXFileReference; lastKnownFileType = text.plist.xml; path = "Dial-Info.plist"; sourceTree = "<group>"; };
		037534521662D6C1006BAACF /* en */ = {isa = PBXFileReference; lastKnownFileType = text.plist.strings; name = en; path = en.lproj/InfoPlist.strings; sourceTree = "<group>"; };
		037534541662D6C1006BAACF /* main.m */ = {isa = PBXFileReference; lastKnownFileType = sourcecode.c.objc; path = main.m; sourceTree = "<group>"; };
		037534561662D6C1006BAACF /* Dial-Prefix.pch */ = {isa = PBXFileReference; lastKnownFileType = sourcecode.c.h; path = "Dial-Prefix.pch"; sourceTree = "<group>"; };
		037DE929166BFF4100534821 /* DALCollectionViewFlowLayout.h */ = {isa = PBXFileReference; fileEncoding = 4; lastKnownFileType = sourcecode.c.h; name = DALCollectionViewFlowLayout.h; path = Classes/DALCollectionViewFlowLayout.h; sourceTree = "<group>"; };
		037DE92A166BFF4100534821 /* DALCollectionViewFlowLayout.m */ = {isa = PBXFileReference; fileEncoding = 4; lastKnownFileType = sourcecode.c.objc; name = DALCollectionViewFlowLayout.m; path = Classes/DALCollectionViewFlowLayout.m; sourceTree = "<group>"; };
		037DE92C166C467E00534821 /* DALContactSectionData.h */ = {isa = PBXFileReference; fileEncoding = 4; lastKnownFileType = sourcecode.c.h; name = DALContactSectionData.h; path = Classes/DALContactSectionData.h; sourceTree = "<group>"; };
		037DE92D166C467E00534821 /* DALContactSectionData.m */ = {isa = PBXFileReference; fileEncoding = 4; lastKnownFileType = sourcecode.c.objc; name = DALContactSectionData.m; path = Classes/DALContactSectionData.m; sourceTree = "<group>"; };
		037DE932166C57E100534821 /* DALOverlayViewController.h */ = {isa = PBXFileReference; fileEncoding = 4; lastKnownFileType = sourcecode.c.h; name = DALOverlayViewController.h; path = Classes/DALOverlayViewController.h; sourceTree = "<group>"; };
		037DE933166C57E100534821 /* DALOverlayViewController.m */ = {isa = PBXFileReference; fileEncoding = 4; lastKnownFileType = sourcecode.c.objc; name = DALOverlayViewController.m; path = Classes/DALOverlayViewController.m; sourceTree = "<group>"; };
		037DE934166C57E100534821 /* DALOverlayViewController.xib */ = {isa = PBXFileReference; fileEncoding = 4; lastKnownFileType = file.xib; name = DALOverlayViewController.xib; path = Classes/DALOverlayViewController.xib; sourceTree = "<group>"; };
		03942AB0166511B1007809D3 /* DALABMultiValueObject.h */ = {isa = PBXFileReference; fileEncoding = 4; lastKnownFileType = sourcecode.c.h; name = DALABMultiValueObject.h; path = Classes/DALABMultiValueObject.h; sourceTree = "<group>"; };
		03942AB1166511B1007809D3 /* DALABMultiValueObject.m */ = {isa = PBXFileReference; fileEncoding = 4; lastKnownFileType = sourcecode.c.objc; name = DALABMultiValueObject.m; path = Classes/DALABMultiValueObject.m; sourceTree = "<group>"; };
		03942AB416651CFC007809D3 /* NSMutableArray+DALAdditions.h */ = {isa = PBXFileReference; fileEncoding = 4; lastKnownFileType = sourcecode.c.h; name = "NSMutableArray+DALAdditions.h"; path = "Categories/NSMutableArray+DALAdditions.h"; sourceTree = "<group>"; };
		03942AB516651CFC007809D3 /* NSMutableArray+DALAdditions.m */ = {isa = PBXFileReference; fileEncoding = 4; lastKnownFileType = sourcecode.c.objc; name = "NSMutableArray+DALAdditions.m"; path = "Categories/NSMutableArray+DALAdditions.m"; sourceTree = "<group>"; };
		03942AB8166521AE007809D3 /* DALImageCache.h */ = {isa = PBXFileReference; fileEncoding = 4; lastKnownFileType = sourcecode.c.h; name = DALImageCache.h; path = Classes/DALImageCache.h; sourceTree = "<group>"; };
		03942AB9166521AE007809D3 /* DALImageCache.m */ = {isa = PBXFileReference; fileEncoding = 4; lastKnownFileType = sourcecode.c.objc; name = DALImageCache.m; path = Classes/DALImageCache.m; sourceTree = "<group>"; };
		03B265471669DA940098948B /* UIView+DALAdditions.h */ = {isa = PBXFileReference; fileEncoding = 4; lastKnownFileType = sourcecode.c.h; name = "UIView+DALAdditions.h"; path = "Categories/UIView+DALAdditions.h"; sourceTree = "<group>"; };
		03B265481669DA940098948B /* UIView+DALAdditions.m */ = {isa = PBXFileReference; fileEncoding = 4; lastKnownFileType = sourcecode.c.objc; name = "UIView+DALAdditions.m"; path = "Categories/UIView+DALAdditions.m"; sourceTree = "<group>"; };
		03B2654A1669DAD40098948B /* QuartzCore.framework */ = {isa = PBXFileReference; lastKnownFileType = wrapper.framework; name = QuartzCore.framework; path = System/Library/Frameworks/QuartzCore.framework; sourceTree = SDKROOT; };
		03B265501669DD430098948B /* DALCircularMenu.h */ = {isa = PBXFileReference; fileEncoding = 4; lastKnownFileType = sourcecode.c.h; name = DALCircularMenu.h; path = Classes/DALCircularMenu.h; sourceTree = "<group>"; };
		03B265511669DD430098948B /* DALCircularMenu.m */ = {isa = PBXFileReference; fileEncoding = 4; lastKnownFileType = sourcecode.c.objc; name = DALCircularMenu.m; path = Classes/DALCircularMenu.m; sourceTree = "<group>"; };
		03B265531669DE350098948B /* placeholder.png */ = {isa = PBXFileReference; lastKnownFileType = image.png; name = placeholder.png; path = Resources/placeholder.png; sourceTree = SOURCE_ROOT; };
		03B265541669DE350098948B /* placeholder@2x.png */ = {isa = PBXFileReference; lastKnownFileType = image.png; name = "placeholder@2x.png"; path = "Resources/placeholder@2x.png"; sourceTree = SOURCE_ROOT; };
		03B94F5316644E12007EDF4F /* DALContactsViewController.h */ = {isa = PBXFileReference; fileEncoding = 4; lastKnownFileType = sourcecode.c.h; name = DALContactsViewController.h; path = Classes/DALContactsViewController.h; sourceTree = "<group>"; };
		03B94F5416644E12007EDF4F /* DALContactsViewController.m */ = {isa = PBXFileReference; fileEncoding = 4; lastKnownFileType = sourcecode.c.objc; name = DALContactsViewController.m; path = Classes/DALContactsViewController.m; sourceTree = "<group>"; };
		03B94F5516644E12007EDF4F /* DALContactsViewController.xib */ = {isa = PBXFileReference; fileEncoding = 4; lastKnownFileType = file.xib; name = DALContactsViewController.xib; path = Classes/DALContactsViewController.xib; sourceTree = "<group>"; };
		03B94F5916644E4E007EDF4F /* Default-568h@2x.png */ = {isa = PBXFileReference; lastKnownFileType = image.png; name = "Default-568h@2x.png"; path = "Resources/Default-568h@2x.png"; sourceTree = SOURCE_ROOT; };
		03B94F5A16644E4E007EDF4F /* Default.png */ = {isa = PBXFileReference; lastKnownFileType = image.png; name = Default.png; path = Resources/Default.png; sourceTree = SOURCE_ROOT; };
		03B94F5B16644E4E007EDF4F /* Default@2x.png */ = {isa = PBXFileReference; lastKnownFileType = image.png; name = "Default@2x.png"; path = "Resources/Default@2x.png"; sourceTree = SOURCE_ROOT; };
		03B94F5F16644E62007EDF4F /* DALAppDelegate.h */ = {isa = PBXFileReference; fileEncoding = 4; lastKnownFileType = sourcecode.c.h; name = DALAppDelegate.h; path = Classes/DALAppDelegate.h; sourceTree = "<group>"; };
		03B94F6016644E62007EDF4F /* DALAppDelegate.m */ = {isa = PBXFileReference; fileEncoding = 4; lastKnownFileType = sourcecode.c.objc; name = DALAppDelegate.m; path = Classes/DALAppDelegate.m; sourceTree = "<group>"; };
		03B94F6216644EA8007EDF4F /* DALViewController.h */ = {isa = PBXFileReference; fileEncoding = 4; lastKnownFileType = sourcecode.c.h; name = DALViewController.h; path = Classes/DALViewController.h; sourceTree = "<group>"; };
		03B94F6316644EA8007EDF4F /* DALViewController.m */ = {isa = PBXFileReference; fileEncoding = 4; lastKnownFileType = sourcecode.c.objc; name = DALViewController.m; path = Classes/DALViewController.m; sourceTree = "<group>"; };
		03B94F651664503F007EDF4F /* porthole.png */ = {isa = PBXFileReference; lastKnownFileType = image.png; name = porthole.png; path = Resources/porthole.png; sourceTree = SOURCE_ROOT; };
		03B94F661664503F007EDF4F /* porthole@2x.png */ = {isa = PBXFileReference; lastKnownFileType = image.png; name = "porthole@2x.png"; path = "Resources/porthole@2x.png"; sourceTree = SOURCE_ROOT; };
		03B94F671664503F007EDF4F /* bg.png */ = {isa = PBXFileReference; lastKnownFileType = image.png; name = bg.png; path = Resources/bg.png; sourceTree = SOURCE_ROOT; };
		03B94F681664503F007EDF4F /* star.png */ = {isa = PBXFileReference; lastKnownFileType = image.png; name = star.png; path = Resources/star.png; sourceTree = SOURCE_ROOT; };
		03B94F691664503F007EDF4F /* star@2x.png */ = {isa = PBXFileReference; lastKnownFileType = image.png; name = "star@2x.png"; path = "Resources/star@2x.png"; sourceTree = SOURCE_ROOT; };
		03B94F6A1664503F007EDF4F /* bg@2x.png */ = {isa = PBXFileReference; lastKnownFileType = image.png; name = "bg@2x.png"; path = "Resources/bg@2x.png"; sourceTree = SOURCE_ROOT; };
		03B94F7216645128007EDF4F /* DALContactCollectionViewCell.h */ = {isa = PBXFileReference; fileEncoding = 4; lastKnownFileType = sourcecode.c.h; name = DALContactCollectionViewCell.h; path = Classes/DALContactCollectionViewCell.h; sourceTree = "<group>"; };
		03B94F7316645128007EDF4F /* DALContactCollectionViewCell.m */ = {isa = PBXFileReference; fileEncoding = 4; lastKnownFileType = sourcecode.c.objc; name = DALContactCollectionViewCell.m; path = Classes/DALContactCollectionViewCell.m; sourceTree = "<group>"; };
		03B94F781664734F007EDF4F /* DALContactCollectionViewCell.xib */ = {isa = PBXFileReference; fileEncoding = 4; lastKnownFileType = file.xib; name = DALContactCollectionViewCell.xib; path = Classes/DALContactCollectionViewCell.xib; sourceTree = "<group>"; };
		03D67A92166D17FB009A3D14 /* PonyDebugger.xcodeproj */ = {isa = PBXFileReference; lastKnownFileType = "wrapper.pb-project"; name = PonyDebugger.xcodeproj; path = External/PonyDebugger/ObjC/PonyDebugger.xcodeproj; sourceTree = SOURCE_ROOT; };
		03D67AA7166D1818009A3D14 /* libSocketRocket.a */ = {isa = PBXFileReference; lastKnownFileType = archive.ar; name = libSocketRocket.a; path = "External/PonyDebugger/ObjC/SocketRocket/build/Release-iphoneos/libSocketRocket.a"; sourceTree = "<group>"; };
		03D67AA9166D184E009A3D14 /* CFNetwork.framework */ = {isa = PBXFileReference; lastKnownFileType = wrapper.framework; name = CFNetwork.framework; path = System/Library/Frameworks/CFNetwork.framework; sourceTree = SDKROOT; };
		03D67AAB166D1855009A3D14 /* CoreData.framework */ = {isa = PBXFileReference; lastKnownFileType = wrapper.framework; name = CoreData.framework; path = System/Library/Frameworks/CoreData.framework; sourceTree = SDKROOT; };
		03D67AAD166D185F009A3D14 /* Security.framework */ = {isa = PBXFileReference; lastKnownFileType = wrapper.framework; name = Security.framework; path = System/Library/Frameworks/Security.framework; sourceTree = SDKROOT; };
		03D67AAF166D18FE009A3D14 /* libicucore.dylib */ = {isa = PBXFileReference; lastKnownFileType = "compiled.mach-o.dylib"; name = libicucore.dylib; path = usr/lib/libicucore.dylib; sourceTree = SDKROOT; };
		03D6B24B1667BA3A0081AF76 /* DALABRecord.h */ = {isa = PBXFileReference; fileEncoding = 4; lastKnownFileType = sourcecode.c.h; name = DALABRecord.h; path = Classes/DALABRecord.h; sourceTree = "<group>"; };
		03D6B24C1667BA3A0081AF76 /* DALABRecord.m */ = {isa = PBXFileReference; fileEncoding = 4; lastKnownFileType = sourcecode.c.objc; name = DALABRecord.m; path = Classes/DALABRecord.m; sourceTree = "<group>"; };
		03D6B24F1667C8BC0081AF76 /* DALSectionIndexListView.h */ = {isa = PBXFileReference; fileEncoding = 4; lastKnownFileType = sourcecode.c.h; name = DALSectionIndexListView.h; path = Classes/DALSectionIndexListView.h; sourceTree = "<group>"; };
		03D6B2501667C8BC0081AF76 /* DALSectionIndexListView.m */ = {isa = PBXFileReference; fileEncoding = 4; lastKnownFileType = sourcecode.c.objc; name = DALSectionIndexListView.m; path = Classes/DALSectionIndexListView.m; sourceTree = "<group>"; };
		03D6B2521667CA150081AF76 /* DALSectionIndexCollectionView.h */ = {isa = PBXFileReference; fileEncoding = 4; lastKnownFileType = sourcecode.c.h; name = DALSectionIndexCollectionView.h; path = Classes/DALSectionIndexCollectionView.h; sourceTree = "<group>"; };
		03D6B2531667CA160081AF76 /* DALSectionIndexCollectionView.m */ = {isa = PBXFileReference; fileEncoding = 4; lastKnownFileType = sourcecode.c.objc; name = DALSectionIndexCollectionView.m; path = Classes/DALSectionIndexCollectionView.m; sourceTree = "<group>"; };
		03D6B2551667D0020081AF76 /* DALContactsCollectionView.h */ = {isa = PBXFileReference; fileEncoding = 4; lastKnownFileType = sourcecode.c.h; name = DALContactsCollectionView.h; path = Classes/DALContactsCollectionView.h; sourceTree = "<group>"; };
		03D6B2561667D0020081AF76 /* DALContactsCollectionView.m */ = {isa = PBXFileReference; fileEncoding = 4; lastKnownFileType = sourcecode.c.objc; name = DALContactsCollectionView.m; path = Classes/DALContactsCollectionView.m; sourceTree = "<group>"; };
/* End PBXFileReference section */

/* Begin PBXFrameworksBuildPhase section */
		037534411662D6C1006BAACF /* Frameworks */ = {
			isa = PBXFrameworksBuildPhase;
			buildActionMask = 2147483647;
			files = (
				03D67AB0166D18FE009A3D14 /* libicucore.dylib in Frameworks */,
				03D67AAE166D185F009A3D14 /* Security.framework in Frameworks */,
				03D67AAC166D1855009A3D14 /* CoreData.framework in Frameworks */,
				03D67AAA166D184E009A3D14 /* CFNetwork.framework in Frameworks */,
				03D67AA8166D1818009A3D14 /* libSocketRocket.a in Frameworks */,
				03D67AA6166D1815009A3D14 /* libPonyDebugger.a in Frameworks */,
				03B2654B1669DAD40098948B /* QuartzCore.framework in Frameworks */,
				03199F4A1665E7B700C1B57B /* CoreImage.framework in Frameworks */,
				03084F3E1664947F00227BC0 /* AddressBook.framework in Frameworks */,
				037534491662D6C1006BAACF /* UIKit.framework in Frameworks */,
				0375344B1662D6C1006BAACF /* Foundation.framework in Frameworks */,
				0375344D1662D6C1006BAACF /* CoreGraphics.framework in Frameworks */,
			);
			runOnlyForDeploymentPostprocessing = 0;
		};
/* End PBXFrameworksBuildPhase section */

/* Begin PBXGroup section */
		0306C0D5166BF51700DE0F36 /* Collection View */ = {
			isa = PBXGroup;
			children = (
				037DE927166BFF2800534821 /* Layout */,
				0306C0D7166BF53300DE0F36 /* Contacts */,
				0306C0D6166BF52A00DE0F36 /* Section Indexing */,
			);
			name = "Collection View";
			sourceTree = "<group>";
		};
		0306C0D6166BF52A00DE0F36 /* Section Indexing */ = {
			isa = PBXGroup;
			children = (
				03D6B24F1667C8BC0081AF76 /* DALSectionIndexListView.h */,
				03D6B2501667C8BC0081AF76 /* DALSectionIndexListView.m */,
				03D6B2521667CA150081AF76 /* DALSectionIndexCollectionView.h */,
				03D6B2531667CA160081AF76 /* DALSectionIndexCollectionView.m */,
			);
			name = "Section Indexing";
			sourceTree = "<group>";
		};
		0306C0D7166BF53300DE0F36 /* Contacts */ = {
			isa = PBXGroup;
			children = (
				03D6B2551667D0020081AF76 /* DALContactsCollectionView.h */,
				03D6B2561667D0020081AF76 /* DALContactsCollectionView.m */,
				03B94F7216645128007EDF4F /* DALContactCollectionViewCell.h */,
				03B94F7316645128007EDF4F /* DALContactCollectionViewCell.m */,
				03B94F781664734F007EDF4F /* DALContactCollectionViewCell.xib */,
				0306C0D8166BF55D00DE0F36 /* DALContactSectionHeaderView.h */,
				0306C0D9166BF55D00DE0F36 /* DALContactSectionHeaderView.m */,
				0306C0DD166BF5F100DE0F36 /* DALContactSectionHeaderView.xib */,
			);
			name = Contacts;
			sourceTree = "<group>";
		};
		03084F3516647C6700227BC0 /* Address Book */ = {
			isa = PBXGroup;
			children = (
				03084F3716647C8C00227BC0 /* DALABAddressBook.h */,
				03084F3816647C8C00227BC0 /* DALABAddressBook.m */,
				03084F3A166488D200227BC0 /* DALABPerson.h */,
				03084F3B166488D200227BC0 /* DALABPerson.m */,
				03942AB0166511B1007809D3 /* DALABMultiValueObject.h */,
				03942AB1166511B1007809D3 /* DALABMultiValueObject.m */,
				03D6B24B1667BA3A0081AF76 /* DALABRecord.h */,
				03D6B24C1667BA3A0081AF76 /* DALABRecord.m */,
			);
			name = "Address Book";
			sourceTree = "<group>";
		};
		0368C36D166AADC6007BFC9C /* Circular Menu */ = {
			isa = PBXGroup;
			children = (
				03B265501669DD430098948B /* DALCircularMenu.h */,
				03B265511669DD430098948B /* DALCircularMenu.m */,
				0368C36F166AADDB007BFC9C /* DALCircularMenuLayoutData.h */,
				0368C370166AADDB007BFC9C /* DALCircularMenuLayoutData.m */,
			);
			name = "Circular Menu";
			sourceTree = "<group>";
		};
		037534391662D6C0006BAACF = {
			isa = PBXGroup;
			children = (
				0375344E1662D6C1006BAACF /* Dial */,
				037534471662D6C1006BAACF /* Frameworks */,
				037534451662D6C1006BAACF /* Products */,
			);
			sourceTree = "<group>";
		};
		037534451662D6C1006BAACF /* Products */ = {
			isa = PBXGroup;
			children = (
				037534441662D6C1006BAACF /* Dial.app */,
			);
			name = Products;
			sourceTree = "<group>";
		};
		037534471662D6C1006BAACF /* Frameworks */ = {
			isa = PBXGroup;
			children = (
				03D67AAF166D18FE009A3D14 /* libicucore.dylib */,
				03D67AAD166D185F009A3D14 /* Security.framework */,
				03D67AAB166D1855009A3D14 /* CoreData.framework */,
				03D67AA9166D184E009A3D14 /* CFNetwork.framework */,
				03D67AA7166D1818009A3D14 /* libSocketRocket.a */,
				03B2654A1669DAD40098948B /* QuartzCore.framework */,
				03199F491665E7B600C1B57B /* CoreImage.framework */,
				03084F3D1664947F00227BC0 /* AddressBook.framework */,
				037534481662D6C1006BAACF /* UIKit.framework */,
				0375344A1662D6C1006BAACF /* Foundation.framework */,
				0375344C1662D6C1006BAACF /* CoreGraphics.framework */,
			);
			name = Frameworks;
			sourceTree = "<group>";
		};
		0375344E1662D6C1006BAACF /* Dial */ = {
			isa = PBXGroup;
			children = (
				03D67A90166D17F1009A3D14 /* External */,
				03942AB316651CEA007809D3 /* Categories */,
				03B94F5816644E47007EDF4F /* Resources */,
				03942AB716652145007809D3 /* Utilities */,
				03084F3516647C6700227BC0 /* Address Book */,
				03B94F5216644DF1007EDF4F /* View Controllers */,
				03B94F7116645111007EDF4F /* Views */,
				03B94F5F16644E62007EDF4F /* DALAppDelegate.h */,
				03B94F6016644E62007EDF4F /* DALAppDelegate.m */,
				0375344F1662D6C1006BAACF /* Supporting Files */,
			);
			path = Dial;
			sourceTree = "<group>";
		};
		0375344F1662D6C1006BAACF /* Supporting Files */ = {
			isa = PBXGroup;
			children = (
				037534501662D6C1006BAACF /* Dial-Info.plist */,
				037534511662D6C1006BAACF /* InfoPlist.strings */,
				037534541662D6C1006BAACF /* main.m */,
				037534561662D6C1006BAACF /* Dial-Prefix.pch */,
			);
			name = "Supporting Files";
			sourceTree = "<group>";
		};
		037DE927166BFF2800534821 /* Layout */ = {
			isa = PBXGroup;
			children = (
				037DE929166BFF4100534821 /* DALCollectionViewFlowLayout.h */,
				037DE92A166BFF4100534821 /* DALCollectionViewFlowLayout.m */,
			);
			name = Layout;
			sourceTree = "<group>";
		};
		037DE92F166C574B00534821 /* Contacts View Controller */ = {
			isa = PBXGroup;
			children = (
				03B94F5316644E12007EDF4F /* DALContactsViewController.h */,
				03B94F5416644E12007EDF4F /* DALContactsViewController.m */,
				03B94F5516644E12007EDF4F /* DALContactsViewController.xib */,
				037DE92C166C467E00534821 /* DALContactSectionData.h */,
				037DE92D166C467E00534821 /* DALContactSectionData.m */,
			);
			name = "Contacts View Controller";
			sourceTree = "<group>";
		};
		037DE930166C575600534821 /* Shared */ = {
			isa = PBXGroup;
			children = (
				03B94F6216644EA8007EDF4F /* DALViewController.h */,
				03B94F6316644EA8007EDF4F /* DALViewController.m */,
			);
			name = Shared;
			sourceTree = "<group>";
		};
		037DE931166C575C00534821 /* Overlay View Controller */ = {
			isa = PBXGroup;
			children = (
				037DE932166C57E100534821 /* DALOverlayViewController.h */,
				037DE933166C57E100534821 /* DALOverlayViewController.m */,
				037DE934166C57E100534821 /* DALOverlayViewController.xib */,
			);
			name = "Overlay View Controller";
			sourceTree = "<group>";
		};
		03942AB316651CEA007809D3 /* Categories */ = {
			isa = PBXGroup;
			children = (
				03942AB416651CFC007809D3 /* NSMutableArray+DALAdditions.h */,
				03942AB516651CFC007809D3 /* NSMutableArray+DALAdditions.m */,
				03199F3E1665E0E400C1B57B /* UIImage+DALAdditions.h */,
				03199F3F1665E0E400C1B57B /* UIImage+DALAdditions.m */,
				03199F461665E1B100C1B57B /* CoreGraphics+DALAdditions.h */,
				03199F471665E1B100C1B57B /* CoreGraphics+DALAdditions.m */,
				0355510516681E2F0036C528 /* NSShadow+DALAdditions.h */,
				0355510616681E2F0036C528 /* NSShadow+DALAdditions.m */,
				034D81FC16699C16009D49BE /* UIImage+ProportionalFill.h */,
				034D81FD16699C16009D49BE /* UIImage+ProportionalFill.m */,
				03B265471669DA940098948B /* UIView+DALAdditions.h */,
				03B265481669DA940098948B /* UIView+DALAdditions.m */,
			);
			name = Categories;
			sourceTree = "<group>";
		};
		03942AB716652145007809D3 /* Utilities */ = {
			isa = PBXGroup;
			children = (
				03942AB8166521AE007809D3 /* DALImageCache.h */,
				03942AB9166521AE007809D3 /* DALImageCache.m */,
			);
			name = Utilities;
			sourceTree = "<group>";
		};
		03B94F5216644DF1007EDF4F /* View Controllers */ = {
			isa = PBXGroup;
			children = (
				037DE930166C575600534821 /* Shared */,
				037DE92F166C574B00534821 /* Contacts View Controller */,
				037DE931166C575C00534821 /* Overlay View Controller */,
			);
			name = "View Controllers";
			sourceTree = "<group>";
		};
		03B94F5816644E47007EDF4F /* Resources */ = {
			isa = PBXGroup;
			children = (
				03070CBE166B1F06006C603F /* button-edit.png */,
				03070CBF166B1F06006C603F /* button-edit@2x.png */,
				03070CC0166B1F06006C603F /* button-facetime.png */,
				03070CC1166B1F06006C603F /* button-facetime@2x.png */,
				03070CC2166B1F06006C603F /* button-message.png */,
				03070CC3166B1F06006C603F /* button-message@2x.png */,
				03070CC4166B1F06006C603F /* button-star.png */,
				03070CC5166B1F06006C603F /* button-star@2x.png */,
				03B265531669DE350098948B /* placeholder.png */,
				03B265541669DE350098948B /* placeholder@2x.png */,
				03B94F651664503F007EDF4F /* porthole.png */,
				03B94F661664503F007EDF4F /* porthole@2x.png */,
				03B94F671664503F007EDF4F /* bg.png */,
				03B94F681664503F007EDF4F /* star.png */,
				03B94F691664503F007EDF4F /* star@2x.png */,
				03B94F6A1664503F007EDF4F /* bg@2x.png */,
				03B94F5916644E4E007EDF4F /* Default-568h@2x.png */,
				03B94F5A16644E4E007EDF4F /* Default.png */,
				03B94F5B16644E4E007EDF4F /* Default@2x.png */,
			);
			name = Resources;
			sourceTree = "<group>";
		};
		03B94F7116645111007EDF4F /* Views */ = {
			isa = PBXGroup;
			children = (
				0306C0D5166BF51700DE0F36 /* Collection View */,
				0368C36D166AADC6007BFC9C /* Circular Menu */,
				0301A38C1669C865007D8D7B /* DALLongPressOverlayView.h */,
				0301A38D1669C865007D8D7B /* DALLongPressOverlayView.m */,
			);
			name = Views;
			sourceTree = "<group>";
		};
		03D67A90166D17F1009A3D14 /* External */ = {
			isa = PBXGroup;
			children = (
				03D67A92166D17FB009A3D14 /* PonyDebugger.xcodeproj */,
			);
			name = External;
			sourceTree = "<group>";
		};
		03D67A93166D17FB009A3D14 /* Products */ = {
			isa = PBXGroup;
			children = (
				03D67A9F166D17FC009A3D14 /* libPonyDebugger.a */,
			);
			name = Products;
			sourceTree = "<group>";
		};
/* End PBXGroup section */

/* Begin PBXNativeTarget section */
		037534431662D6C1006BAACF /* Dial */ = {
			isa = PBXNativeTarget;
			buildConfigurationList = 037534681662D6C1006BAACF /* Build configuration list for PBXNativeTarget "Dial" */;
			buildPhases = (
				037534401662D6C1006BAACF /* Sources */,
				037534411662D6C1006BAACF /* Frameworks */,
				037534421662D6C1006BAACF /* Resources */,
			);
			buildRules = (
			);
			dependencies = (
				03D67AA5166D1808009A3D14 /* PBXTargetDependency */,
			);
			name = Dial;
			productName = Dial;
			productReference = 037534441662D6C1006BAACF /* Dial.app */;
			productType = "com.apple.product-type.application";
		};
/* End PBXNativeTarget section */

/* Begin PBXProject section */
		0375343B1662D6C0006BAACF /* Project object */ = {
			isa = PBXProject;
			attributes = {
				CLASSPREFIX = DAL;
				LastUpgradeCheck = 0450;
				ORGANIZATIONNAME = "Reactive Development";
			};
			buildConfigurationList = 0375343E1662D6C0006BAACF /* Build configuration list for PBXProject "Dial" */;
			compatibilityVersion = "Xcode 3.2";
			developmentRegion = English;
			hasScannedForEncodings = 0;
			knownRegions = (
				en,
			);
			mainGroup = 037534391662D6C0006BAACF;
			productRefGroup = 037534451662D6C1006BAACF /* Products */;
			projectDirPath = "";
			projectReferences = (
				{
					ProductGroup = 03D67A93166D17FB009A3D14 /* Products */;
					ProjectRef = 03D67A92166D17FB009A3D14 /* PonyDebugger.xcodeproj */;
				},
			);
			projectRoot = "";
			targets = (
				037534431662D6C1006BAACF /* Dial */,
			);
		};
/* End PBXProject section */

/* Begin PBXReferenceProxy section */
		03D67A9F166D17FC009A3D14 /* libPonyDebugger.a */ = {
			isa = PBXReferenceProxy;
			fileType = archive.ar;
			path = libPonyDebugger.a;
			remoteRef = 03D67A9E166D17FC009A3D14 /* PBXContainerItemProxy */;
			sourceTree = BUILT_PRODUCTS_DIR;
		};
/* End PBXReferenceProxy section */

/* Begin PBXResourcesBuildPhase section */
		037534421662D6C1006BAACF /* Resources */ = {
			isa = PBXResourcesBuildPhase;
			buildActionMask = 2147483647;
			files = (
				037534531662D6C1006BAACF /* InfoPlist.strings in Resources */,
				03B94F5716644E12007EDF4F /* DALContactsViewController.xib in Resources */,
				03B94F5C16644E4E007EDF4F /* Default-568h@2x.png in Resources */,
				03B94F5D16644E4E007EDF4F /* Default.png in Resources */,
				03B94F5E16644E4E007EDF4F /* Default@2x.png in Resources */,
				03B94F6B1664503F007EDF4F /* porthole.png in Resources */,
				03B94F6C1664503F007EDF4F /* porthole@2x.png in Resources */,
				03B94F6D1664503F007EDF4F /* bg.png in Resources */,
				03B94F6E1664503F007EDF4F /* star.png in Resources */,
				03B94F6F1664503F007EDF4F /* star@2x.png in Resources */,
				03B94F701664503F007EDF4F /* bg@2x.png in Resources */,
				03B94F791664734F007EDF4F /* DALContactCollectionViewCell.xib in Resources */,
				03B265551669DE350098948B /* placeholder.png in Resources */,
				03B265561669DE350098948B /* placeholder@2x.png in Resources */,
				03070CC6166B1F06006C603F /* button-edit.png in Resources */,
				03070CC7166B1F06006C603F /* button-edit@2x.png in Resources */,
				03070CC8166B1F06006C603F /* button-facetime.png in Resources */,
				03070CC9166B1F06006C603F /* button-facetime@2x.png in Resources */,
				03070CCA166B1F06006C603F /* button-message.png in Resources */,
				03070CCB166B1F06006C603F /* button-message@2x.png in Resources */,
				03070CCC166B1F06006C603F /* button-star.png in Resources */,
				03070CCD166B1F06006C603F /* button-star@2x.png in Resources */,
				0306C0DE166BF5F100DE0F36 /* DALContactSectionHeaderView.xib in Resources */,
				037DE936166C57E100534821 /* DALOverlayViewController.xib in Resources */,
			);
			runOnlyForDeploymentPostprocessing = 0;
		};
/* End PBXResourcesBuildPhase section */

/* Begin PBXSourcesBuildPhase section */
		037534401662D6C1006BAACF /* Sources */ = {
			isa = PBXSourcesBuildPhase;
			buildActionMask = 2147483647;
			files = (
				037534551662D6C1006BAACF /* main.m in Sources */,
				03B94F5616644E12007EDF4F /* DALContactsViewController.m in Sources */,
				03B94F6116644E62007EDF4F /* DALAppDelegate.m in Sources */,
				03B94F6416644EA8007EDF4F /* DALViewController.m in Sources */,
				03B94F7416645128007EDF4F /* DALContactCollectionViewCell.m in Sources */,
				03084F3916647C8C00227BC0 /* DALABAddressBook.m in Sources */,
				03084F3C166488D200227BC0 /* DALABPerson.m in Sources */,
				03942AB2166511B1007809D3 /* DALABMultiValueObject.m in Sources */,
				03942AB616651CFC007809D3 /* NSMutableArray+DALAdditions.m in Sources */,
				03942ABA166521AE007809D3 /* DALImageCache.m in Sources */,
				03199F401665E0E400C1B57B /* UIImage+DALAdditions.m in Sources */,
				03199F481665E1B100C1B57B /* CoreGraphics+DALAdditions.m in Sources */,
				03D6B24D1667BA3A0081AF76 /* DALABRecord.m in Sources */,
				03D6B2511667C8BC0081AF76 /* DALSectionIndexListView.m in Sources */,
				03D6B2541667CA160081AF76 /* DALSectionIndexCollectionView.m in Sources */,
				03D6B2571667D0020081AF76 /* DALContactsCollectionView.m in Sources */,
				0355510716681E2F0036C528 /* NSShadow+DALAdditions.m in Sources */,
				034D81FE16699C16009D49BE /* UIImage+ProportionalFill.m in Sources */,
				0301A38E1669C865007D8D7B /* DALLongPressOverlayView.m in Sources */,
				03B265491669DA940098948B /* UIView+DALAdditions.m in Sources */,
				03B265521669DD430098948B /* DALCircularMenu.m in Sources */,
				0368C371166AADDB007BFC9C /* DALCircularMenuLayoutData.m in Sources */,
				0306C0DA166BF55D00DE0F36 /* DALContactSectionHeaderView.m in Sources */,
				037DE92B166BFF4100534821 /* DALCollectionViewFlowLayout.m in Sources */,
				037DE92E166C467E00534821 /* DALContactSectionData.m in Sources */,
				037DE935166C57E100534821 /* DALOverlayViewController.m in Sources */,
			);
			runOnlyForDeploymentPostprocessing = 0;
		};
/* End PBXSourcesBuildPhase section */

/* Begin PBXTargetDependency section */
		03D67AA5166D1808009A3D14 /* PBXTargetDependency */ = {
			isa = PBXTargetDependency;
			name = PonyDebugger;
			targetProxy = 03D67AA4166D1808009A3D14 /* PBXContainerItemProxy */;
		};
/* End PBXTargetDependency section */

/* Begin PBXVariantGroup section */
		037534511662D6C1006BAACF /* InfoPlist.strings */ = {
			isa = PBXVariantGroup;
			children = (
				037534521662D6C1006BAACF /* en */,
			);
			name = InfoPlist.strings;
			sourceTree = "<group>";
		};
/* End PBXVariantGroup section */

/* Begin XCBuildConfiguration section */
		037534661662D6C1006BAACF /* Debug */ = {
			isa = XCBuildConfiguration;
			buildSettings = {
				ALWAYS_SEARCH_USER_PATHS = NO;
				CLANG_CXX_LANGUAGE_STANDARD = "gnu++0x";
				CLANG_CXX_LIBRARY = "libc++";
				CLANG_ENABLE_OBJC_ARC = YES;
				CLANG_WARN_EMPTY_BODY = YES;
				CLANG_WARN__DUPLICATE_METHOD_MATCH = YES;
				"CODE_SIGN_IDENTITY[sdk=iphoneos*]" = "iPhone Developer";
				COPY_PHASE_STRIP = NO;
				GCC_C_LANGUAGE_STANDARD = gnu99;
				GCC_DYNAMIC_NO_PIC = NO;
				GCC_OPTIMIZATION_LEVEL = 0;
				GCC_PREPROCESSOR_DEFINITIONS = (
					"DEBUG=1",
					"$(inherited)",
				);
				GCC_SYMBOLS_PRIVATE_EXTERN = NO;
				GCC_WARN_ABOUT_RETURN_TYPE = YES;
				GCC_WARN_UNINITIALIZED_AUTOS = YES;
				GCC_WARN_UNUSED_VARIABLE = YES;
				IPHONEOS_DEPLOYMENT_TARGET = 6.0;
				SDKROOT = iphoneos;
			};
			name = Debug;
		};
		037534671662D6C1006BAACF /* Release */ = {
			isa = XCBuildConfiguration;
			buildSettings = {
				ALWAYS_SEARCH_USER_PATHS = NO;
				CLANG_CXX_LANGUAGE_STANDARD = "gnu++0x";
				CLANG_CXX_LIBRARY = "libc++";
				CLANG_ENABLE_OBJC_ARC = YES;
				CLANG_WARN_EMPTY_BODY = YES;
				CLANG_WARN__DUPLICATE_METHOD_MATCH = YES;
				"CODE_SIGN_IDENTITY[sdk=iphoneos*]" = "iPhone Developer";
				COPY_PHASE_STRIP = YES;
				GCC_C_LANGUAGE_STANDARD = gnu99;
				GCC_WARN_ABOUT_RETURN_TYPE = YES;
				GCC_WARN_UNINITIALIZED_AUTOS = YES;
				GCC_WARN_UNUSED_VARIABLE = YES;
				IPHONEOS_DEPLOYMENT_TARGET = 6.0;
				OTHER_CFLAGS = "-DNS_BLOCK_ASSERTIONS=1";
				SDKROOT = iphoneos;
				VALIDATE_PRODUCT = YES;
			};
			name = Release;
		};
		037534691662D6C1006BAACF /* Debug */ = {
			isa = XCBuildConfiguration;
			buildSettings = {
				ALWAYS_SEARCH_USER_PATHS = YES;
				CODE_SIGN_IDENTITY = "iPhone Developer";
				"CODE_SIGN_IDENTITY[sdk=iphoneos*]" = "iPhone Developer";
				GCC_PRECOMPILE_PREFIX_HEADER = YES;
				GCC_PREFIX_HEADER = "Dial/Dial-Prefix.pch";
				HEADER_SEARCH_PATHS = "\"$OBJROOT\"/UninstalledProducts/include";
				INFOPLIST_FILE = "Dial/Dial-Info.plist";
				OTHER_LDFLAGS = "-ObjC";
				PRODUCT_NAME = "$(TARGET_NAME)";
				PROVISIONING_PROFILE = "";
				"PROVISIONING_PROFILE[sdk=iphoneos*]" = "";
				USER_HEADER_SEARCH_PATHS = "";
				WRAPPER_EXTENSION = app;
			};
			name = Debug;
		};
		0375346A1662D6C1006BAACF /* Release */ = {
			isa = XCBuildConfiguration;
			buildSettings = {
				ALWAYS_SEARCH_USER_PATHS = YES;
				CODE_SIGN_IDENTITY = "iPhone Distribution";
				"CODE_SIGN_IDENTITY[sdk=iphoneos*]" = "iPhone Distribution";
				GCC_PRECOMPILE_PREFIX_HEADER = YES;
				GCC_PREFIX_HEADER = "Dial/Dial-Prefix.pch";
				HEADER_SEARCH_PATHS = "\"$OBJROOT\"/UninstalledProducts/include";
				INFOPLIST_FILE = "Dial/Dial-Info.plist";
				OTHER_LDFLAGS = "-ObjC";
				PRODUCT_NAME = "$(TARGET_NAME)";
				PROVISIONING_PROFILE = "";
				"PROVISIONING_PROFILE[sdk=iphoneos*]" = "";
				USER_HEADER_SEARCH_PATHS = "";
				WRAPPER_EXTENSION = app;
			};
			name = Release;
		};
/* End XCBuildConfiguration section */

/* Begin XCConfigurationList section */
		0375343E1662D6C0006BAACF /* Build configuration list for PBXProject "Dial" */ = {
			isa = XCConfigurationList;
			buildConfigurations = (
				037534661662D6C1006BAACF /* Debug */,
				037534671662D6C1006BAACF /* Release */,
			);
			defaultConfigurationIsVisible = 0;
			defaultConfigurationName = Release;
		};
		037534681662D6C1006BAACF /* Build configuration list for PBXNativeTarget "Dial" */ = {
			isa = XCConfigurationList;
			buildConfigurations = (
				037534691662D6C1006BAACF /* Debug */,
				0375346A1662D6C1006BAACF /* Release */,
			);
			defaultConfigurationIsVisible = 0;
			defaultConfigurationName = Release;
		};
/* End XCConfigurationList section */
	};
	rootObject = 0375343B1662D6C0006BAACF /* Project object */;
}
